
Microsoft Visual Studio Solution File, Format Version 12.00
# Visual Studio Version 17
VisualStudioVersion = 17.1.32210.238
MinimumVisualStudioVersion = 10.0.40219.1
Project("{FAE04EC0-301F-11D3-BF4B-00C04F79EFBC}") = "command", "command.csproj", "{96F7A8A3-BF26-4702-8C06-DA7136341FAC}"
EndProject
Global
	GlobalSection(SolutionConfigurationPlatforms) = preSolution
		Debug|Any CPU = Debug|Any CPU
		Release|Any CPU = Release|Any CPU
	EndGlobalSection
	GlobalSection(ProjectConfigurationPlatforms) = postSolution
		{96F7A8A3-BF26-4702-8C06-DA7136341FAC}.Debug|Any CPU.ActiveCfg = Debug|Any CPU
		{96F7A8A3-BF26-4702-8C06-DA7136341FAC}.Debug|Any CPU.Build.0 = Debug|Any CPU
		{96F7A8A3-BF26-4702-8C06-DA7136341FAC}.Release|Any CPU.ActiveCfg = Release|Any CPU
		{96F7A8A3-BF26-4702-8C06-DA7136341FAC}.Release|Any CPU.Build.0 = Release|Any CPU
	EndGlobalSection
	GlobalSection(SolutionProperties) = preSolution
		HideSolutionNode = FALSE
	EndGlobalSection
	GlobalSection(ExtensibilityGlobals) = postSolution
		SolutionGuid = {E7FE7DC1-932C-4B0F-924F-4EFD45B771CD}
	EndGlobalSection
EndGlobal
